
Microsoft Visual Studio Solution File, Format Version 12.00
# Visual Studio 15
VisualStudioVersion = 15.0.26730.16
MinimumVisualStudioVersion = 10.0.40219.1
Project("{FAE04EC0-301F-11D3-BF4B-00C04F79EFBC}") = "Server", "Server\Server.csproj", "{A5331BB6-FAC4-4E13-889D-45F6BC9C91FE}"
EndProject
Global
	GlobalSection(SolutionConfigurationPlatforms) = preSolution
		Debug|Any CPU = Debug|Any CPU
		Release|Any CPU = Release|Any CPU
	EndGlobalSection
	GlobalSection(ProjectConfigurationPlatforms) = postSolution
		{A5331BB6-FAC4-4E13-889D-45F6BC9C91FE}.Debug|Any CPU.ActiveCfg = Debug|Any CPU
		{A5331BB6-FAC4-4E13-889D-45F6BC9C91FE}.Debug|Any CPU.Build.0 = Debug|Any CPU
		{A5331BB6-FAC4-4E13-889D-45F6BC9C91FE}.Release|Any CPU.ActiveCfg = Release|Any CPU
		{A5331BB6-FAC4-4E13-889D-45F6BC9C91FE}.Release|Any CPU.Build.0 = Release|Any CPU
	EndGlobalSection
	GlobalSection(SolutionProperties) = preSolution
		HideSolutionNode = FALSE
	EndGlobalSection
	GlobalSection(ExtensibilityGlobals) = postSolution
		SolutionGuid = {0EEEB495-3431-454E-8CC2-E3C4619F6DFC}
	EndGlobalSection
EndGlobal
